
Microsoft Visual Studio Solution File, Format Version 12.00
# Visual Studio Version 17
VisualStudioVersion = 17.12.35707.178 d17.12
MinimumVisualStudioVersion = 10.0.40219.1
Project("{FAE04EC0-301F-11D3-BF4B-00C04F79EFBC}") = "DifferenceAndProduct", "DifferenceAndProduct\DifferenceAndProduct.csproj", "{BFFC8747-32F7-4D10-9D1B-960921E83CFA}"
EndProject
Global
	GlobalSection(SolutionConfigurationPlatforms) = preSolution
		Debug|Any CPU = Debug|Any CPU
		Release|Any CPU = Release|Any CPU
	EndGlobalSection
	GlobalSection(ProjectConfigurationPlatforms) = postSolution
		{BFFC8747-32F7-4D10-9D1B-960921E83CFA}.Debug|Any CPU.ActiveCfg = Debug|Any CPU
		{BFFC8747-32F7-4D10-9D1B-960921E83CFA}.Debug|Any CPU.Build.0 = Debug|Any CPU
		{BFFC8747-32F7-4D10-9D1B-960921E83CFA}.Release|Any CPU.ActiveCfg = Release|Any CPU
		{BFFC8747-32F7-4D10-9D1B-960921E83CFA}.Release|Any CPU.Build.0 = Release|Any CPU
	EndGlobalSection
	GlobalSection(SolutionProperties) = preSolution
		HideSolutionNode = FALSE
	EndGlobalSection
EndGlobal
